
Microsoft Visual Studio Solution File, Format Version 12.00
# Visual Studio Version 16
VisualStudioVersion = 16.0.809.4
MinimumVisualStudioVersion = 10.0.40219.1
Project("{FAE04EC0-301F-11D3-BF4B-00C04F79EFBC}") = "practiceGroup", "practiceGroup\practiceGroup.csproj", "{550B03CE-C0F2-4EAA-8B08-9B0207F17B36}"
EndProject
Global
	GlobalSection(SolutionConfigurationPlatforms) = preSolution
		Debug|Any CPU = Debug|Any CPU
		Release|Any CPU = Release|Any CPU
	EndGlobalSection
	GlobalSection(ProjectConfigurationPlatforms) = postSolution
		{550B03CE-C0F2-4EAA-8B08-9B0207F17B36}.Debug|Any CPU.ActiveCfg = Debug|Any CPU
		{550B03CE-C0F2-4EAA-8B08-9B0207F17B36}.Debug|Any CPU.Build.0 = Debug|Any CPU
		{550B03CE-C0F2-4EAA-8B08-9B0207F17B36}.Release|Any CPU.ActiveCfg = Release|Any CPU
		{550B03CE-C0F2-4EAA-8B08-9B0207F17B36}.Release|Any CPU.Build.0 = Release|Any CPU
	EndGlobalSection
	GlobalSection(SolutionProperties) = preSolution
		HideSolutionNode = FALSE
	EndGlobalSection
	GlobalSection(ExtensibilityGlobals) = postSolution
		SolutionGuid = {E350A9A9-AFAD-496B-99DC-C81BC29EA927}
	EndGlobalSection
EndGlobal
